{
  "requires": true,
  "lockfileVersion": 1,
  "dependencies": {
    "@nodelib/fs.scandir": {
      "version": "2.1.1",
      "resolved": "https://agora.dequecloud.com/artifactory/api/npm/dequelabs/@nodelib/fs.scandir/-/fs.scandir-2.1.1.tgz",
      "integrity": "sha1-f6j+1lSTnho5dT0oa0i0g20A4Os=",
      "requires": {
        "@nodelib/fs.stat": "2.0.1",
        "run-parallel": "^1.1.9"
      }
    },
    "@nodelib/fs.stat": {
      "version": "2.0.1",
      "resolved": "https://agora.dequecloud.com/artifactory/api/npm/dequelabs/@nodelib/fs.stat/-/fs.stat-2.0.1.tgz",
      "integrity": "sha1-gU9xsRZzkM/Lams9nN6wlRoZLBQ="
    },
    "@nodelib/fs.walk": {
      "version": "1.2.2",
      "resolved": "https://agora.dequecloud.com/artifactory/api/npm/dequelabs/@nodelib/fs.walk/-/fs.walk-1.2.2.tgz",
      "integrity": "sha1-amRQxeFwEqvYFFDrdJSaTZcNKAc=",
      "requires": {
        "@nodelib/fs.scandir": "2.1.1",
        "fastq": "^1.6.0"
      }
    },
    "@types/unist": {
      "version": "2.0.3",
      "resolved": "https://agora.dequecloud.com/artifactory/api/npm/dequelabs/@types/unist/-/unist-2.0.3.tgz",
      "integrity": "sha1-nAiGeYdvN061mD8VDUeHqm+zLX4="
    },
    "ansi-regex": {
      "version": "4.1.0",
      "resolved": "https://agora.dequecloud.com/artifactory/api/npm/dequelabs/ansi-regex/-/ansi-regex-4.1.0.tgz",
      "integrity": "sha1-i5+PCM8ay4Q3Vqg5yox+MWjFGZc="
    },
    "array-iterate": {
      "version": "1.1.3",
      "resolved": "https://agora.dequecloud.com/artifactory/api/npm/dequelabs/array-iterate/-/array-iterate-1.1.3.tgz",
      "integrity": "sha1-sRa9seN/PD/sE6zfuRrIKfEiVDw="
    },
    "automated-readability": {
      "version": "1.0.4",
      "resolved": "https://agora.dequecloud.com/artifactory/api/npm/dequelabs/automated-readability/-/automated-readability-1.0.4.tgz",
      "integrity": "sha1-MBrXR5PBpzXNCZY8z5p6ET9wjfc="
    },
    "bail": {
      "version": "1.0.4",
      "resolved": "https://agora.dequecloud.com/artifactory/api/npm/dequelabs/bail/-/bail-1.0.4.tgz",
      "integrity": "sha1-cYG2bVCKowVdP2wT8KDHIGQd3ps="
    },
    "braces": {
      "version": "3.0.2",
      "resolved": "https://agora.dequecloud.com/artifactory/api/npm/dequelabs/braces/-/braces-3.0.2.tgz",
      "integrity": "sha1-NFThpGLujVmeI23zNs2epPiv4Qc=",
      "requires": {
        "fill-range": "^7.0.1"
      }
    },
    "ccount": {
      "version": "1.0.4",
      "resolved": "https://agora.dequecloud.com/artifactory/api/npm/dequelabs/ccount/-/ccount-1.0.4.tgz",
      "integrity": "sha1-nPLeSUyoQGCiqNKFTt1t+wRF84Y="
    },
    "character-entities": {
      "version": "1.2.3",
      "resolved": "https://agora.dequecloud.com/artifactory/api/npm/dequelabs/character-entities/-/character-entities-1.2.3.tgz",
      "integrity": "sha1-u+1KUv5++YzHE8bYDZ+qJpFtVOY="
    },
    "character-entities-html4": {
      "version": "1.1.3",
      "resolved": "https://agora.dequecloud.com/artifactory/api/npm/dequelabs/character-entities-html4/-/character-entities-html4-1.1.3.tgz",
      "integrity": "sha1-XObgFhjkcEisIvNPfznbXG/Wee8="
    },
    "character-entities-legacy": {
      "version": "1.1.3",
      "resolved": "https://agora.dequecloud.com/artifactory/api/npm/dequelabs/character-entities-legacy/-/character-entities-legacy-1.1.3.tgz",
      "integrity": "sha1-PHKZkdkpPaDt5t3crx8s4QCe6LQ="
    },
    "character-reference-invalid": {
      "version": "1.1.3",
      "resolved": "https://agora.dequecloud.com/artifactory/api/npm/dequelabs/character-reference-invalid/-/character-reference-invalid-1.1.3.tgz",
      "integrity": "sha1-Fkf09yZjjT6kp1DPXRl1wceRmoU="
    },
    "coleman-liau": {
      "version": "1.0.4",
      "resolved": "https://agora.dequecloud.com/artifactory/api/npm/dequelabs/coleman-liau/-/coleman-liau-1.0.4.tgz",
      "integrity": "sha1-jtKy/A+iY03rMt4ZRLpY2fn8eLs="
    },
    "collapse-white-space": {
      "version": "1.0.5",
      "resolved": "https://agora.dequecloud.com/artifactory/api/npm/dequelabs/collapse-white-space/-/collapse-white-space-1.0.5.tgz",
      "integrity": "sha1-wklbaZqx7TgNKaEJHgEGPnXbvjo="
    },
    "dale-chall": {
      "version": "1.0.3",
      "resolved": "https://agora.dequecloud.com/artifactory/api/npm/dequelabs/dale-chall/-/dale-chall-1.0.3.tgz",
      "integrity": "sha1-npi6zYUMh9wHfyc+Kfuh/qVG+EM="
    },
    "dale-chall-formula": {
      "version": "1.0.4",
      "resolved": "https://agora.dequecloud.com/artifactory/api/npm/dequelabs/dale-chall-formula/-/dale-chall-formula-1.0.4.tgz",
      "integrity": "sha1-lHiRv+BKzkXfyVHwm1QNIY0+yHA="
    },
    "dictionary-en-us": {
      "version": "2.1.1",
      "resolved": "https://agora.dequecloud.com/artifactory/api/npm/dequelabs/dictionary-en-us/-/dictionary-en-us-2.1.1.tgz",
      "integrity": "sha1-782uvgTRmr40g/M9nigD4lw8d6o="
    },
    "emoji-regex": {
      "version": "8.0.0",
      "resolved": "https://agora.dequecloud.com/artifactory/api/npm/dequelabs/emoji-regex/-/emoji-regex-8.0.0.tgz",
      "integrity": "sha1-6Bj9ac5cz8tARZT4QpY79TFkzDc="
    },
    "extend": {
      "version": "3.0.2",
      "resolved": "https://agora.dequecloud.com/artifactory/api/npm/dequelabs/extend/-/extend-3.0.2.tgz",
      "integrity": "sha1-+LETa0Bx+9jrFAr/hYsQGewpFfo="
    },
    "fast-glob": {
      "version": "3.0.4",
      "resolved": "https://agora.dequecloud.com/artifactory/api/npm/dequelabs/fast-glob/-/fast-glob-3.0.4.tgz",
      "integrity": "sha1-1ISkEAXLb66zmblR/RvXDdrrtgI=",
      "requires": {
        "@nodelib/fs.stat": "^2.0.1",
        "@nodelib/fs.walk": "^1.2.1",
        "glob-parent": "^5.0.0",
        "is-glob": "^4.0.1",
        "merge2": "^1.2.3",
        "micromatch": "^4.0.2"
      }
    },
    "fastq": {
      "version": "1.6.0",
      "resolved": "https://agora.dequecloud.com/artifactory/api/npm/dequelabs/fastq/-/fastq-1.6.0.tgz",
      "integrity": "sha1-Tsijj0rCXyFJJnOtt+rpz+9H0cI=",
      "requires": {
        "reusify": "^1.0.0"
      }
    },
    "fill-range": {
      "version": "7.0.1",
      "resolved": "https://agora.dequecloud.com/artifactory/api/npm/dequelabs/fill-range/-/fill-range-7.0.1.tgz",
      "integrity": "sha1-GRmmp8df44ssfHflGYU12prN2kA=",
      "requires": {
        "to-regex-range": "^5.0.1"
      }
    },
    "flesch": {
      "version": "1.0.4",
      "resolved": "https://agora.dequecloud.com/artifactory/api/npm/dequelabs/flesch/-/flesch-1.0.4.tgz",
      "integrity": "sha1-Dj0fPi9vdEj715nRCs09Aph5yrg="
    },
    "glob-parent": {
      "version": "5.0.0",
      "resolved": "https://agora.dequecloud.com/artifactory/api/npm/dequelabs/glob-parent/-/glob-parent-5.0.0.tgz",
      "integrity": "sha1-HcmfDzmwBtPpLCwoQGg4Lwwg6VQ=",
      "requires": {
        "is-glob": "^4.0.1"
      }
    },
    "gunning-fog": {
      "version": "1.0.5",
      "resolved": "https://agora.dequecloud.com/artifactory/api/npm/dequelabs/gunning-fog/-/gunning-fog-1.0.5.tgz",
      "integrity": "sha1-LIRYRvtuiyn5zXS4Z4OkHl7mKaI="
    },
    "has-flag": {
      "version": "3.0.0",
      "resolved": "https://agora.dequecloud.com/artifactory/api/npm/dequelabs/has-flag/-/has-flag-3.0.0.tgz",
      "integrity": "sha1-tdRU3CGZriJWmfNGfloH87lVuv0="
    },
    "inherits": {
      "version": "2.0.4",
      "resolved": "https://agora.dequecloud.com/artifactory/api/npm/dequelabs/inherits/-/inherits-2.0.4.tgz",
      "integrity": "sha1-D6LGT5MpF8NDOg3tVTY6rjdBa3w="
    },
    "is-alphabetical": {
      "version": "1.0.3",
      "resolved": "https://agora.dequecloud.com/artifactory/api/npm/dequelabs/is-alphabetical/-/is-alphabetical-1.0.3.tgz",
      "integrity": "sha1-6wTMRyGaiJXYRQrORxWr/yJYofg="
    },
    "is-alphanumeric": {
      "version": "1.0.0",
      "resolved": "https://agora.dequecloud.com/artifactory/api/npm/dequelabs/is-alphanumeric/-/is-alphanumeric-1.0.0.tgz",
      "integrity": "sha1-Spzvcdr0wAHB2B1j0UDPU/1oifQ="
    },
    "is-alphanumerical": {
      "version": "1.0.3",
      "resolved": "https://agora.dequecloud.com/artifactory/api/npm/dequelabs/is-alphanumerical/-/is-alphanumerical-1.0.3.tgz",
      "integrity": "sha1-V64hw3Qnez3v4CdMZApXBLj2ZXw=",
      "requires": {
        "is-alphabetical": "^1.0.0",
        "is-decimal": "^1.0.0"
      }
    },
    "is-buffer": {
      "version": "2.0.3",
      "resolved": "https://agora.dequecloud.com/artifactory/api/npm/dequelabs/is-buffer/-/is-buffer-2.0.3.tgz",
      "integrity": "sha1-Ts8/z3ScvR5HJonhCaxmJhol5yU="
    },
    "is-decimal": {
      "version": "1.0.3",
      "resolved": "https://agora.dequecloud.com/artifactory/api/npm/dequelabs/is-decimal/-/is-decimal-1.0.3.tgz",
      "integrity": "sha1-OBBodZudyAfYwNwL+64raOHaSLc="
    },
    "is-extglob": {
      "version": "2.1.1",
      "resolved": "https://agora.dequecloud.com/artifactory/api/npm/dequelabs/is-extglob/-/is-extglob-2.1.1.tgz",
      "integrity": "sha1-qIwCU1eR8C7TfHahueqXc8gz+MI="
    },
    "is-fullwidth-code-point": {
      "version": "3.0.0",
      "resolved": "https://agora.dequecloud.com/artifactory/api/npm/dequelabs/is-fullwidth-code-point/-/is-fullwidth-code-point-3.0.0.tgz",
      "integrity": "sha1-8Rb4Bk/pCz94RKOJl8C3UFEmnx0="
    },
    "is-glob": {
      "version": "4.0.1",
      "resolved": "https://agora.dequecloud.com/artifactory/api/npm/dequelabs/is-glob/-/is-glob-4.0.1.tgz",
      "integrity": "sha1-dWfb6fL14kZ7x3q4PEopSCQHpdw=",
      "requires": {
        "is-extglob": "^2.1.1"
      }
    },
    "is-hexadecimal": {
      "version": "1.0.3",
      "resolved": "https://agora.dequecloud.com/artifactory/api/npm/dequelabs/is-hexadecimal/-/is-hexadecimal-1.0.3.tgz",
      "integrity": "sha1-6KQmppttMUcNOjOke7glzaAlBu4="
    },
    "is-number": {
      "version": "7.0.0",
      "resolved": "https://agora.dequecloud.com/artifactory/api/npm/dequelabs/is-number/-/is-number-7.0.0.tgz",
      "integrity": "sha1-dTU0W4lnNNX4DE0GxQlVUnoU8Ss="
    },
    "is-plain-obj": {
      "version": "2.0.0",
      "resolved": "https://agora.dequecloud.com/artifactory/api/npm/dequelabs/is-plain-obj/-/is-plain-obj-2.0.0.tgz",
      "integrity": "sha1-f9Gn8baeFgzekYHSMT9EXGiqJnk="
    },
    "is-whitespace-character": {
      "version": "1.0.3",
      "resolved": "https://agora.dequecloud.com/artifactory/api/npm/dequelabs/is-whitespace-character/-/is-whitespace-character-1.0.3.tgz",
      "integrity": "sha1-s62VRtkW19P/p4IEvKDCa1Ylf6w="
    },
    "is-word-character": {
      "version": "1.0.3",
      "resolved": "https://agora.dequecloud.com/artifactory/api/npm/dequelabs/is-word-character/-/is-word-character-1.0.3.tgz",
      "integrity": "sha1-Jk0VVBy60LqDPTmSw05rQIc7CKo="
    },
    "lodash.difference": {
      "version": "4.5.0",
      "resolved": "https://agora.dequecloud.com/artifactory/api/npm/dequelabs/lodash.difference/-/lodash.difference-4.5.0.tgz",
      "integrity": "sha1-nMtOUF1Ia5FlE0V3KIWi3yf9AXw="
    },
    "lodash.includes": {
      "version": "4.3.0",
      "resolved": "https://agora.dequecloud.com/artifactory/api/npm/dequelabs/lodash.includes/-/lodash.includes-4.3.0.tgz",
      "integrity": "sha1-YLuYqHy5I8aMoeUTJUgzFISfVT8="
    },
    "lodash.intersection": {
      "version": "4.4.0",
      "resolved": "https://agora.dequecloud.com/artifactory/api/npm/dequelabs/lodash.intersection/-/lodash.intersection-4.4.0.tgz",
      "integrity": "sha1-ChG6Yx0OlcI8fy9Mu5ppLtF45wU="
    },
    "longest-streak": {
      "version": "2.0.3",
      "resolved": "https://agora.dequecloud.com/artifactory/api/npm/dequelabs/longest-streak/-/longest-streak-2.0.3.tgz",
      "integrity": "sha1-Peej9H7hjpB03thXW1wJH10KQQU="
    },
    "markdown-escapes": {
      "version": "1.0.3",
      "resolved": "https://agora.dequecloud.com/artifactory/api/npm/dequelabs/markdown-escapes/-/markdown-escapes-1.0.3.tgz",
      "integrity": "sha1-YVXhBBbvqvq2ZdRmzlmCFjdRlfU="
    },
    "markdown-table": {
      "version": "1.1.3",
      "resolved": "https://agora.dequecloud.com/artifactory/api/npm/dequelabs/markdown-table/-/markdown-table-1.1.3.tgz",
      "integrity": "sha1-n8tpvP24cXv9A5jG7C2TA2743mA="
    },
    "mdast-comment-marker": {
      "version": "1.1.1",
      "resolved": "https://agora.dequecloud.com/artifactory/api/npm/dequelabs/mdast-comment-marker/-/mdast-comment-marker-1.1.1.tgz",
      "integrity": "sha1-nJwY4e1X/q/Bll2SsCjzfDyNpw0="
    },
    "mdast-util-compact": {
      "version": "1.0.3",
      "resolved": "https://agora.dequecloud.com/artifactory/api/npm/dequelabs/mdast-util-compact/-/mdast-util-compact-1.0.3.tgz",
      "integrity": "sha1-mKJcyKeGV2GkFHezqH0dzvCx550=",
      "requires": {
        "unist-util-visit": "^1.1.0"
      }
    },
    "mdast-util-to-nlcst": {
      "version": "3.2.3",
      "resolved": "https://agora.dequecloud.com/artifactory/api/npm/dequelabs/mdast-util-to-nlcst/-/mdast-util-to-nlcst-3.2.3.tgz",
      "integrity": "sha1-3ND1G1lRWxGgcArrQPFo7Xup7T0=",
      "requires": {
        "nlcst-to-string": "^2.0.0",
        "repeat-string": "^1.5.2",
        "unist-util-position": "^3.0.0",
        "vfile-location": "^2.0.0"
      }
    },
    "merge2": {
      "version": "1.2.3",
      "resolved": "https://agora.dequecloud.com/artifactory/api/npm/dequelabs/merge2/-/merge2-1.2.3.tgz",
      "integrity": "sha1-fumdvWm7ZIFoklPwGEiKG5ArDtU="
    },
    "micromatch": {
      "version": "4.0.2",
      "resolved": "https://agora.dequecloud.com/artifactory/api/npm/dequelabs/micromatch/-/micromatch-4.0.2.tgz",
      "integrity": "sha1-T8sJmb+fvC/L3SEvbWKbmlbDklk=",
      "requires": {
        "braces": "^3.0.1",
        "picomatch": "^2.0.5"
      }
    },
    "nlcst-is-literal": {
      "version": "1.2.0",
      "resolved": "https://agora.dequecloud.com/artifactory/api/npm/dequelabs/nlcst-is-literal/-/nlcst-is-literal-1.2.0.tgz",
      "integrity": "sha1-vAzjad9VKUWmlmNKsoCFNf1fuzI=",
      "requires": {
        "nlcst-to-string": "^2.0.0"
      }
    },
    "nlcst-normalize": {
      "version": "2.1.3",
      "resolved": "https://agora.dequecloud.com/artifactory/api/npm/dequelabs/nlcst-normalize/-/nlcst-normalize-2.1.3.tgz",
      "integrity": "sha1-muzugDLn1WHu2HZ+r4CgyTu5hAs=",
      "requires": {
        "nlcst-to-string": "^2.0.0"
      }
    },
    "nlcst-search": {
      "version": "1.5.1",
      "resolved": "https://agora.dequecloud.com/artifactory/api/npm/dequelabs/nlcst-search/-/nlcst-search-1.5.1.tgz",
      "integrity": "sha1-hnkZkLm4eFu21akQ1JuexKfoGAE=",
      "requires": {
        "nlcst-is-literal": "^1.1.0",
        "nlcst-normalize": "^2.1.0",
        "unist-util-visit": "^1.0.0"
      }
    },
    "nlcst-to-string": {
      "version": "2.0.3",
      "resolved": "https://agora.dequecloud.com/artifactory/api/npm/dequelabs/nlcst-to-string/-/nlcst-to-string-2.0.3.tgz",
      "integrity": "sha1-t5E7sTBSY7BWGobeaOF58X9/6+M="
    },
    "normalize-strings": {
      "version": "1.1.0",
      "resolved": "https://agora.dequecloud.com/artifactory/api/npm/dequelabs/normalize-strings/-/normalize-strings-1.1.0.tgz",
      "integrity": "sha1-skp17UgXY5RAT3Rkm1y4BA6JmnU="
    },
    "nspell": {
      "version": "2.1.2",
      "resolved": "https://agora.dequecloud.com/artifactory/api/npm/dequelabs/nspell/-/nspell-2.1.2.tgz",
      "integrity": "sha1-QpobzUKI6TvQmJ6PpdSrLDlQ4Ao=",
      "requires": {
        "is-buffer": "^2.0.0"
      }
    },
    "object-keys": {
      "version": "1.1.1",
      "resolved": "https://agora.dequecloud.com/artifactory/api/npm/dequelabs/object-keys/-/object-keys-1.1.1.tgz",
      "integrity": "sha1-HEfyct8nfzsdrwYWd9nILiMixg4="
    },
    "parse-english": {
      "version": "4.1.2",
      "resolved": "https://agora.dequecloud.com/artifactory/api/npm/dequelabs/parse-english/-/parse-english-4.1.2.tgz",
      "integrity": "sha1-ZxDUJsqnbbMn73BmmRzRufYC258=",
      "requires": {
        "nlcst-to-string": "^2.0.0",
        "parse-latin": "^4.0.0",
        "unist-util-modify-children": "^1.0.0",
        "unist-util-visit-children": "^1.0.0"
      }
    },
    "parse-entities": {
      "version": "1.2.2",
      "resolved": "https://agora.dequecloud.com/artifactory/api/npm/dequelabs/parse-entities/-/parse-entities-1.2.2.tgz",
      "integrity": "sha1-wxvw9lO2ZhNU+Jc1WcuG3R1e31A=",
      "requires": {
        "character-entities": "^1.0.0",
        "character-entities-legacy": "^1.0.0",
        "character-reference-invalid": "^1.0.0",
        "is-alphanumerical": "^1.0.0",
        "is-decimal": "^1.0.0",
        "is-hexadecimal": "^1.0.0"
      }
    },
    "parse-latin": {
      "version": "4.2.0",
      "resolved": "https://agora.dequecloud.com/artifactory/api/npm/dequelabs/parse-latin/-/parse-latin-4.2.0.tgz",
      "integrity": "sha1-sLEHom7L6GcPntDSDrSRx3gPmdE=",
      "requires": {
        "nlcst-to-string": "^2.0.0",
        "unist-util-modify-children": "^1.0.0",
        "unist-util-visit-children": "^1.0.0"
      }
    },
    "picomatch": {
      "version": "2.0.7",
      "resolved": "https://agora.dequecloud.com/artifactory/api/npm/dequelabs/picomatch/-/picomatch-2.0.7.tgz",
      "integrity": "sha1-UUFp2MfNC9vuzIomCeNKcWPeafY="
    },
    "pluralize": {
      "version": "7.0.0",
      "resolved": "https://agora.dequecloud.com/artifactory/api/npm/dequelabs/pluralize/-/pluralize-7.0.0.tgz",
      "integrity": "sha1-KYuJ34uTsCIdv0Ia0rGx6iP8Z3c="
    },
    "quotation": {
      "version": "1.1.2",
      "resolved": "https://agora.dequecloud.com/artifactory/api/npm/dequelabs/quotation/-/quotation-1.1.2.tgz",
      "integrity": "sha1-/BeBkuUkNZ42uIMrJ1hoF7uUvy4="
    },
    "remark-lint": {
      "version": "6.0.5",
      "resolved": "https://agora.dequecloud.com/artifactory/api/npm/dequelabs/remark-lint/-/remark-lint-6.0.5.tgz",
      "integrity": "sha1-+7hk1Wv4PS5dI+p+NGyl42cQ/aM=",
      "requires": {
        "remark-message-control": "^4.0.0"
      }
    },
    "remark-message-control": {
      "version": "4.2.0",
      "resolved": "https://agora.dequecloud.com/artifactory/api/npm/dequelabs/remark-message-control/-/remark-message-control-4.2.0.tgz",
      "integrity": "sha1-GExKac5sTHB6VjP6NbDOPb+B8iw=",
      "requires": {
        "mdast-comment-marker": "^1.0.0",
        "unified-message-control": "^1.0.0",
        "xtend": "^4.0.1"
      }
    },
    "remark-parse": {
      "version": "7.0.0",
      "resolved": "https://agora.dequecloud.com/artifactory/api/npm/dequelabs/remark-parse/-/remark-parse-7.0.0.tgz",
      "integrity": "sha1-LExCApLrKvYSQWHJMdHfup+++UA=",
      "requires": {
        "collapse-white-space": "^1.0.2",
        "is-alphabetical": "^1.0.0",
        "is-decimal": "^1.0.0",
        "is-whitespace-character": "^1.0.0",
        "is-word-character": "^1.0.0",
        "markdown-escapes": "^1.0.0",
        "parse-entities": "^1.1.0",
        "repeat-string": "^1.5.4",
        "state-toggle": "^1.0.0",
        "trim": "0.0.1",
        "trim-trailing-lines": "^1.0.0",
        "unherit": "^1.0.4",
        "unist-util-remove-position": "^1.0.0",
        "vfile-location": "^2.0.0",
        "xtend": "^4.0.1"
      }
    },
    "remark-retext": {
      "version": "3.1.3",
      "resolved": "https://agora.dequecloud.com/artifactory/api/npm/dequelabs/remark-retext/-/remark-retext-3.1.3.tgz",
      "integrity": "sha1-dxc7HZ0T2rFc5bONmWGV/qUi7n8=",
      "requires": {
        "mdast-util-to-nlcst": "^3.2.0"
      }
    },
    "remark-stringify": {
      "version": "7.0.1",
      "resolved": "https://agora.dequecloud.com/artifactory/api/npm/dequelabs/remark-stringify/-/remark-stringify-7.0.1.tgz",
      "integrity": "sha1-2jg0alPv6M5K3JFyACaSto3YiDM=",
      "requires": {
        "ccount": "^1.0.0",
        "is-alphanumeric": "^1.0.0",
        "is-decimal": "^1.0.0",
        "is-whitespace-character": "^1.0.0",
        "longest-streak": "^2.0.1",
        "markdown-escapes": "^1.0.0",
        "markdown-table": "^1.1.0",
        "mdast-util-compact": "^1.0.0",
        "parse-entities": "^1.0.2",
        "repeat-string": "^1.5.4",
        "state-toggle": "^1.0.0",
        "stringify-entities": "^2.0.0",
        "unherit": "^1.0.4",
        "xtend": "^4.0.1"
      }
    },
    "repeat-string": {
      "version": "1.6.1",
      "resolved": "https://agora.dequecloud.com/artifactory/api/npm/dequelabs/repeat-string/-/repeat-string-1.6.1.tgz",
      "integrity": "sha1-jcrkcOHIirwtYA//Sndihtp15jc="
    },
    "replace-ext": {
      "version": "1.0.0",
      "resolved": "https://agora.dequecloud.com/artifactory/api/npm/dequelabs/replace-ext/-/replace-ext-1.0.0.tgz",
      "integrity": "sha1-3mMSg3P8v3w8z6TeWkgMRaZ5WOs="
    },
    "retext-english": {
      "version": "3.0.3",
      "resolved": "https://agora.dequecloud.com/artifactory/api/npm/dequelabs/retext-english/-/retext-english-3.0.3.tgz",
      "integrity": "sha1-rrBEv/vqIhS5WdB8Hc6XmeAdy9o=",
      "requires": {
        "parse-english": "^4.0.0",
        "unherit": "^1.0.4"
      }
    },
    "retext-equality": {
      "version": "4.0.0",
      "resolved": "https://agora.dequecloud.com/artifactory/api/npm/dequelabs/retext-equality/-/retext-equality-4.0.0.tgz",
      "integrity": "sha1-qMSn8uRi9XpX9G+2S8JXLPsGQy8=",
      "requires": {
        "lodash.difference": "^4.5.0",
        "lodash.intersection": "^4.4.0",
        "nlcst-normalize": "^2.0.0",
        "nlcst-search": "^1.1.1",
        "nlcst-to-string": "^2.0.0",
        "object-keys": "^1.0.7",
        "quotation": "^1.0.1",
        "unist-util-is": "^3.0.0",
        "unist-util-visit": "^1.0.0"
      }
    },
    "retext-passive": {
      "version": "2.0.0",
      "resolved": "https://agora.dequecloud.com/artifactory/api/npm/dequelabs/retext-passive/-/retext-passive-2.0.0.tgz",
      "integrity": "sha1-I/hrG6zh2Kmb6y3q91OnlQ4piBk=",
      "requires": {
        "lodash.difference": "^4.5.0",
        "nlcst-search": "^1.0.0",
        "nlcst-to-string": "^2.0.0",
        "unist-util-find-before": "^2.0.0",
        "unist-util-position": "^3.0.0"
      }
    },
    "retext-readability": {
      "version": "5.0.0",
      "resolved": "https://agora.dequecloud.com/artifactory/api/npm/dequelabs/retext-readability/-/retext-readability-5.0.0.tgz",
      "integrity": "sha1-dIRyA3nFZ3xTr4Cz6/ONYo/k+2U=",
      "requires": {
        "automated-readability": "^1.0.0",
        "coleman-liau": "^1.0.0",
        "dale-chall": "^1.0.0",
        "dale-chall-formula": "^1.0.0",
        "flesch": "^1.0.0",
        "gunning-fog": "^1.0.0",
        "nlcst-to-string": "^2.0.0",
        "smog-formula": "^1.0.0",
        "spache": "^1.1.0",
        "spache-formula": "^1.0.0",
        "syllable": "^3.2.0",
        "unist-util-visit": "^1.0.0"
      }
    },
    "retext-redundant-acronyms": {
      "version": "2.0.0",
      "resolved": "https://agora.dequecloud.com/artifactory/api/npm/dequelabs/retext-redundant-acronyms/-/retext-redundant-acronyms-2.0.0.tgz",
      "integrity": "sha1-5PuSqXsNt236IBkuDTkVRwRY6Aw=",
      "requires": {
        "nlcst-normalize": "^2.0.0",
        "nlcst-search": "^1.0.0",
        "nlcst-to-string": "^2.0.0",
        "pluralize": "^8.0.0",
        "quotation": "^1.0.0",
        "unist-util-find-after": "^2.0.0",
        "unist-util-position": "^3.0.0"
      },
      "dependencies": {
        "pluralize": {
          "version": "8.0.0",
          "resolved": "https://agora.dequecloud.com/artifactory/api/npm/dequelabs/pluralize/-/pluralize-8.0.0.tgz",
          "integrity": "sha1-Gm+hajjRKhkB4DIPoBcFHFOc47E="
        }
      }
    },
    "retext-repeated-words": {
      "version": "2.0.0",
      "resolved": "https://agora.dequecloud.com/artifactory/api/npm/dequelabs/retext-repeated-words/-/retext-repeated-words-2.0.0.tgz",
      "integrity": "sha1-k+j1uBt2OIkQsUU6DZxSdGDpVjc=",
      "dev": true,
      "requires": {
        "nlcst-to-string": "^2.0.0",
        "unist-util-is": "^3.0.0",
        "unist-util-visit": "^1.1.0"
      }
    },
    "retext-simplify": {
      "version": "5.0.0",
      "resolved": "https://agora.dequecloud.com/artifactory/api/npm/dequelabs/retext-simplify/-/retext-simplify-5.0.0.tgz",
      "integrity": "sha1-uOD0DzY26ayxocXuqs4Rqi9MAQ0=",
      "requires": {
        "nlcst-search": "^1.0.0",
        "nlcst-to-string": "^2.0.0",
        "object-keys": "^1.0.9",
        "quotation": "^1.0.0",
        "unist-util-position": "^3.0.0"
      }
    },
    "retext-spell": {
      "version": "3.0.0",
      "resolved": "https://agora.dequecloud.com/artifactory/api/npm/dequelabs/retext-spell/-/retext-spell-3.0.0.tgz",
      "integrity": "sha1-1rWdcjuWqQs917LpxDHKJRZCgYA=",
      "requires": {
        "lodash.includes": "^4.2.0",
        "nlcst-is-literal": "^1.0.0",
        "nlcst-to-string": "^2.0.0",
        "nspell": "^2.0.0",
        "quotation": "^1.1.0",
        "unist-util-visit": "^1.0.0"
      }
    },
    "retext-syntax-urls": {
      "version": "1.0.2",
      "resolved": "https://agora.dequecloud.com/artifactory/api/npm/dequelabs/retext-syntax-urls/-/retext-syntax-urls-1.0.2.tgz",
      "integrity": "sha1-UN2RpklXbSIFoxgh4Dx2pj9HWig=",
      "requires": {
        "nlcst-to-string": "^2.0.0",
        "unist-util-is": "^3.0.0",
        "unist-util-modify-children": "^1.1.1",
        "unist-util-position": "^3.0.0"
      }
    },
    "reusify": {
      "version": "1.0.4",
      "resolved": "https://agora.dequecloud.com/artifactory/api/npm/dequelabs/reusify/-/reusify-1.0.4.tgz",
      "integrity": "sha1-kNo4Kx4SbvwCFG6QhFqI2xKSXXY="
    },
    "run-parallel": {
      "version": "1.1.9",
      "resolved": "https://agora.dequecloud.com/artifactory/api/npm/dequelabs/run-parallel/-/run-parallel-1.1.9.tgz",
      "integrity": "sha1-yd06fPn0ssS2JE4XOm7YZuYd1nk="
    },
    "smog-formula": {
      "version": "1.0.4",
      "resolved": "https://agora.dequecloud.com/artifactory/api/npm/dequelabs/smog-formula/-/smog-formula-1.0.4.tgz",
      "integrity": "sha1-1D6QlTvMSFzNkJg83bXsCSFnSoU="
    },
    "spache": {
      "version": "1.1.3",
      "resolved": "https://agora.dequecloud.com/artifactory/api/npm/dequelabs/spache/-/spache-1.1.3.tgz",
      "integrity": "sha1-SFSI38W9sVwMK3F8H42fUS1/u+k="
    },
    "spache-formula": {
      "version": "1.0.4",
      "resolved": "https://agora.dequecloud.com/artifactory/api/npm/dequelabs/spache-formula/-/spache-formula-1.0.4.tgz",
      "integrity": "sha1-x98K3LJrQ7D0d60kc9KpSKoT9/s="
    },
    "state-toggle": {
      "version": "1.0.2",
      "resolved": "https://agora.dequecloud.com/artifactory/api/npm/dequelabs/state-toggle/-/state-toggle-1.0.2.tgz",
      "integrity": "sha1-dek6YZRBFrSVnWZcjbLSQ2Mdbdw="
    },
    "string-width": {
      "version": "4.1.0",
      "resolved": "https://agora.dequecloud.com/artifactory/api/npm/dequelabs/string-width/-/string-width-4.1.0.tgz",
      "integrity": "sha1-uoRtHaqXw8WWFVMIBj4HXtHJmv8=",
      "requires": {
        "emoji-regex": "^8.0.0",
        "is-fullwidth-code-point": "^3.0.0",
        "strip-ansi": "^5.2.0"
      }
    },
    "stringify-entities": {
      "version": "2.0.0",
      "resolved": "https://agora.dequecloud.com/artifactory/api/npm/dequelabs/stringify-entities/-/stringify-entities-2.0.0.tgz",
      "integrity": "sha1-+nymYUs1X7bChEgUCiDE7edGKCc=",
      "requires": {
        "character-entities-html4": "^1.0.0",
        "character-entities-legacy": "^1.0.0",
        "is-alphanumerical": "^1.0.0",
        "is-decimal": "^1.0.2",
        "is-hexadecimal": "^1.0.0"
      }
    },
    "strip-ansi": {
      "version": "5.2.0",
      "resolved": "https://agora.dequecloud.com/artifactory/api/npm/dequelabs/strip-ansi/-/strip-ansi-5.2.0.tgz",
      "integrity": "sha1-jJpTb+tq/JYr36WxBKUJHBrZwK4=",
      "requires": {
        "ansi-regex": "^4.1.0"
      }
    },
    "supports-color": {
      "version": "6.1.0",
      "resolved": "https://agora.dequecloud.com/artifactory/api/npm/dequelabs/supports-color/-/supports-color-6.1.0.tgz",
      "integrity": "sha1-B2Srxpxj1ayELdSGfo0CXogN+PM=",
      "requires": {
        "has-flag": "^3.0.0"
      }
    },
    "syllable": {
      "version": "3.6.1",
      "resolved": "https://agora.dequecloud.com/artifactory/api/npm/dequelabs/syllable/-/syllable-3.6.1.tgz",
      "integrity": "sha1-GwigUiwU68Tbhx9Wl/aPSWFuh9g=",
      "requires": {
        "normalize-strings": "^1.1.0",
        "pluralize": "^7.0.0",
        "trim": "0.0.1"
      }
    },
    "to-regex-range": {
      "version": "5.0.1",
      "resolved": "https://agora.dequecloud.com/artifactory/api/npm/dequelabs/to-regex-range/-/to-regex-range-5.0.1.tgz",
      "integrity": "sha1-FkjESq58jZiKMmAY7XL1tN0DkuQ=",
      "requires": {
        "is-number": "^7.0.0"
      }
    },
    "to-vfile": {
      "version": "6.0.0",
      "resolved": "https://agora.dequecloud.com/artifactory/api/npm/dequelabs/to-vfile/-/to-vfile-6.0.0.tgz",
      "integrity": "sha1-lsSqDuCcUd1Oj9C5wR2gQNfbqeo=",
      "requires": {
        "is-buffer": "^2.0.0",
        "vfile": "^4.0.0"
      }
    },
    "trim": {
      "version": "0.0.1",
      "resolved": "https://agora.dequecloud.com/artifactory/api/npm/dequelabs/trim/-/trim-0.0.1.tgz",
      "integrity": "sha1-WFhUf2spB1fulczMZm+1AITEYN0="
    },
    "trim-trailing-lines": {
      "version": "1.1.2",
      "resolved": "https://agora.dequecloud.com/artifactory/api/npm/dequelabs/trim-trailing-lines/-/trim-trailing-lines-1.1.2.tgz",
      "integrity": "sha1-0vHhUxYRUunwL6vGcPtAvsLqLjo="
    },
    "trough": {
      "version": "1.0.4",
      "resolved": "https://agora.dequecloud.com/artifactory/api/npm/dequelabs/trough/-/trough-1.0.4.tgz",
      "integrity": "sha1-O1Kx8Tkk9GDD+/0N9ptYfby8di4="
    },
    "unherit": {
      "version": "1.1.2",
      "resolved": "https://agora.dequecloud.com/artifactory/api/npm/dequelabs/unherit/-/unherit-1.1.2.tgz",
      "integrity": "sha1-FPHzlyU+5OyVzsFndi5334NnhEk=",
      "requires": {
        "inherits": "^2.0.1",
        "xtend": "^4.0.1"
      }
    },
    "unified": {
      "version": "8.3.2",
      "resolved": "https://agora.dequecloud.com/artifactory/api/npm/dequelabs/unified/-/unified-8.3.2.tgz",
      "integrity": "sha1-rtadDld9bvJyaEMcY6EPrvYOY6s=",
      "requires": {
        "bail": "^1.0.0",
        "extend": "^3.0.0",
        "is-plain-obj": "^2.0.0",
        "trough": "^1.0.0",
        "vfile": "^4.0.0"
      }
    },
    "unified-message-control": {
      "version": "1.0.4",
      "resolved": "https://agora.dequecloud.com/artifactory/api/npm/dequelabs/unified-message-control/-/unified-message-control-1.0.4.tgz",
      "integrity": "sha1-peAsBxEveMZoe4OhA5LC+6htwJs=",
      "requires": {
        "trim": "0.0.1",
        "unist-util-visit": "^1.0.0",
        "vfile-location": "^2.0.0"
      }
    },
    "unist-util-find-after": {
      "version": "2.0.4",
      "resolved": "https://agora.dequecloud.com/artifactory/api/npm/dequelabs/unist-util-find-after/-/unist-util-find-after-2.0.4.tgz",
      "integrity": "sha1-P8zPDfOi5ykfoRkiTA8iFYNXzBA=",
      "requires": {
        "unist-util-is": "^3.0.0"
      }
    },
    "unist-util-find-before": {
      "version": "2.0.4",
      "resolved": "https://agora.dequecloud.com/artifactory/api/npm/dequelabs/unist-util-find-before/-/unist-util-find-before-2.0.4.tgz",
      "integrity": "sha1-MPZp8gsB6SWHtPA++Qi18JtROns=",
      "requires": {
        "unist-util-is": "^3.0.0"
      }
    },
    "unist-util-is": {
      "version": "3.0.0",
      "resolved": "https://agora.dequecloud.com/artifactory/api/npm/dequelabs/unist-util-is/-/unist-util-is-3.0.0.tgz",
      "integrity": "sha1-2ehDgcJGjoJinkpb6dfQWi3TJM0="
    },
    "unist-util-modify-children": {
      "version": "1.1.4",
      "resolved": "https://agora.dequecloud.com/artifactory/api/npm/dequelabs/unist-util-modify-children/-/unist-util-modify-children-1.1.4.tgz",
      "integrity": "sha1-+d0x6TiEw74GtDySkdYDJNXfX2g=",
      "requires": {
        "array-iterate": "^1.0.0"
      }
    },
    "unist-util-position": {
      "version": "3.0.3",
      "resolved": "https://agora.dequecloud.com/artifactory/api/npm/dequelabs/unist-util-position/-/unist-util-position-3.0.3.tgz",
      "integrity": "sha1-//lCuHlTiyQglsFIFTgmZksco3M="
    },
    "unist-util-remove-position": {
      "version": "1.1.3",
      "resolved": "https://agora.dequecloud.com/artifactory/api/npm/dequelabs/unist-util-remove-position/-/unist-util-remove-position-1.1.3.tgz",
      "integrity": "sha1-2RqouJswyzi60pJNoRBy+qZP2XI=",
      "requires": {
        "unist-util-visit": "^1.1.0"
      }
    },
    "unist-util-stringify-position": {
      "version": "2.0.1",
      "resolved": "https://agora.dequecloud.com/artifactory/api/npm/dequelabs/unist-util-stringify-position/-/unist-util-stringify-position-2.0.1.tgz",
      "integrity": "sha1-3ioryNP+v6YGZSZzqRRVtqNvufM=",
      "requires": {
        "@types/unist": "^2.0.2"
      }
    },
    "unist-util-visit": {
      "version": "1.4.1",
      "resolved": "https://agora.dequecloud.com/artifactory/api/npm/dequelabs/unist-util-visit/-/unist-util-visit-1.4.1.tgz",
      "integrity": "sha1-RySqqEhububibX/zyGhZYNVgseM=",
      "requires": {
        "unist-util-visit-parents": "^2.0.0"
      }
    },
    "unist-util-visit-children": {
      "version": "1.1.3",
      "resolved": "https://agora.dequecloud.com/artifactory/api/npm/dequelabs/unist-util-visit-children/-/unist-util-visit-children-1.1.3.tgz",
      "integrity": "sha1-krpYB+P1Rje+XelQJj+UaJQudQM="
    },
    "unist-util-visit-parents": {
      "version": "2.1.2",
      "resolved": "https://agora.dequecloud.com/artifactory/api/npm/dequelabs/unist-util-visit-parents/-/unist-util-visit-parents-2.1.2.tgz",
      "integrity": "sha1-JeQ+VTEhZvM0jK5nQ1iHgdESwek=",
      "requires": {
        "unist-util-is": "^3.0.0"
      }
    },
    "vfile": {
      "version": "4.0.1",
      "resolved": "https://agora.dequecloud.com/artifactory/api/npm/dequelabs/vfile/-/vfile-4.0.1.tgz",
      "integrity": "sha1-/D1DoccZFgNCFr9lkm1e48ZO1gw=",
      "requires": {
        "@types/unist": "^2.0.0",
        "is-buffer": "^2.0.0",
        "replace-ext": "1.0.0",
        "unist-util-stringify-position": "^2.0.0",
        "vfile-message": "^2.0.0"
      }
    },
    "vfile-location": {
      "version": "2.0.5",
      "resolved": "https://agora.dequecloud.com/artifactory/api/npm/dequelabs/vfile-location/-/vfile-location-2.0.5.tgz",
      "integrity": "sha1-yD6wL4BAIoqNKz8Q5IW+PjQz4KI="
    },
    "vfile-message": {
      "version": "2.0.1",
      "resolved": "https://agora.dequecloud.com/artifactory/api/npm/dequelabs/vfile-message/-/vfile-message-2.0.1.tgz",
      "integrity": "sha1-lRiBhhwi/B6zn4c8C5PjNqZOj20=",
      "requires": {
        "@types/unist": "^2.0.2",
        "unist-util-stringify-position": "^2.0.0"
      }
    },
    "vfile-reporter": {
      "version": "6.0.0",
      "resolved": "https://agora.dequecloud.com/artifactory/api/npm/dequelabs/vfile-reporter/-/vfile-reporter-6.0.0.tgz",
      "integrity": "sha1-dTEZ9R3skom3UItFevwM3fXgfy4=",
      "requires": {
        "repeat-string": "^1.5.0",
        "string-width": "^4.0.0",
        "supports-color": "^6.0.0",
        "unist-util-stringify-position": "^2.0.0",
        "vfile-sort": "^2.1.2",
        "vfile-statistics": "^1.1.0"
      }
    },
    "vfile-sort": {
      "version": "2.2.1",
      "resolved": "https://agora.dequecloud.com/artifactory/api/npm/dequelabs/vfile-sort/-/vfile-sort-2.2.1.tgz",
      "integrity": "sha1-dOcU+RdWGM2ulryu3xo9xxHYdWc="
    },
    "vfile-statistics": {
      "version": "1.1.3",
      "resolved": "https://agora.dequecloud.com/artifactory/api/npm/dequelabs/vfile-statistics/-/vfile-statistics-1.1.3.tgz",
      "integrity": "sha1-6chwcZl/vLQkN2TSw4BeC7CCDGA="
    },
    "xtend": {
      "version": "4.0.2",
      "resolved": "https://agora.dequecloud.com/artifactory/api/npm/dequelabs/xtend/-/xtend-4.0.2.tgz",
      "integrity": "sha1-u3J3n1+kZRhrH0OPZ0+jR/2121Q="
    }
  }
}
